
Microsoft Visual Studio Solution File, Format Version 12.00
Project("{FAE04EC0-301F-11D3-BF4B-00C04F79EFBC}") = "LightMQ", "LightMQ\LightMQ.csproj", "{7FAE2236-6197-4D48-A8AA-2C5305A7644E}"
EndProject
Project("{FAE04EC0-301F-11D3-BF4B-00C04F79EFBC}") = "LightMQ.Storage.MongoDB", "LightMQ.Storage.MongoDB\LightMQ.Storage.MongoDB.csproj", "{54678E64-C59A-4EE2-B1A5-5ABCEC29AE46}"
EndProject
Project("{FAE04EC0-301F-11D3-BF4B-00C04F79EFBC}") = "LightMQ.Storage.SqlServer", "LightMQ.Storage.SqlServer\LightMQ.Storage.SqlServer.csproj", "{ED374B12-6929-4766-BC2D-96CF25479389}"
EndProject
Project("{FAE04EC0-301F-11D3-BF4B-00C04F79EFBC}") = "LightMQ.WebApiSample", "LightMQ.WebApiSample\LightMQ.WebApiSample.csproj", "{97966184-EA2C-4548-86A8-B1F161E69C70}"
EndProject
Project("{FAE04EC0-301F-11D3-BF4B-00C04F79EFBC}") = "LightMQ.OpenTelemetry", "LightMQ.OpenTelemetry\LightMQ.OpenTelemetry.csproj", "{5401AB01-38C9-4168-8287-E00BB7B3B4FF}"
EndProject
Project("{FAE04EC0-301F-11D3-BF4B-00C04F79EFBC}") = "LightMQ.UnitTest", "LightMQ.UnitTest\LightMQ.UnitTest.csproj", "{3C9FDA84-AAAE-4074-B16A-AEB6E1B6E3A0}"
EndProject
Project("{2150E333-8FDC-42A3-9474-1A3956D46DE8}") = "src", "src", "{08876794-1C78-4B09-AACE-770F5A73C67B}"
EndProject
Project("{2150E333-8FDC-42A3-9474-1A3956D46DE8}") = "sample", "sample", "{F8E4BC70-F6D2-401E-B64D-736BF783A0C1}"
EndProject
Project("{2150E333-8FDC-42A3-9474-1A3956D46DE8}") = "test", "test", "{64A31597-3172-4B1A-959D-B9636449CB06}"
EndProject
Project("{FAE04EC0-301F-11D3-BF4B-00C04F79EFBC}") = "LightMQ.IntegrationTest", "LightMQ.IntegrationTest\LightMQ.IntegrationTest.csproj", "{3DE3B192-F395-478B-BBAD-A40E403AD8FF}"
EndProject
Project("{2150E333-8FDC-42A3-9474-1A3956D46DE8}") = "doc", "doc", "{E018A9B3-9951-401B-A39F-85F3D3A5426B}"
	ProjectSection(SolutionItems) = preProject
		..\README.md = ..\README.md
		..\README_CN.md = ..\README_CN.md
		Directory.Build.props = Directory.Build.props
	EndProjectSection
EndProject
Project("{FAE04EC0-301F-11D3-BF4B-00C04F79EFBC}") = "LightMQ.Storage.Sqlite", "LightMQ.Storage.Sqlite\LightMQ.Storage.Sqlite.csproj", "{FD107F47-D309-4F0E-BB4E-85BF4E502770}"
EndProject
Global
	GlobalSection(SolutionConfigurationPlatforms) = preSolution
		Debug|Any CPU = Debug|Any CPU
		Release|Any CPU = Release|Any CPU
	EndGlobalSection
	GlobalSection(ProjectConfigurationPlatforms) = postSolution
		{7FAE2236-6197-4D48-A8AA-2C5305A7644E}.Debug|Any CPU.ActiveCfg = Debug|Any CPU
		{7FAE2236-6197-4D48-A8AA-2C5305A7644E}.Debug|Any CPU.Build.0 = Debug|Any CPU
		{7FAE2236-6197-4D48-A8AA-2C5305A7644E}.Release|Any CPU.ActiveCfg = Release|Any CPU
		{7FAE2236-6197-4D48-A8AA-2C5305A7644E}.Release|Any CPU.Build.0 = Release|Any CPU
		{54678E64-C59A-4EE2-B1A5-5ABCEC29AE46}.Debug|Any CPU.ActiveCfg = Debug|Any CPU
		{54678E64-C59A-4EE2-B1A5-5ABCEC29AE46}.Debug|Any CPU.Build.0 = Debug|Any CPU
		{54678E64-C59A-4EE2-B1A5-5ABCEC29AE46}.Release|Any CPU.ActiveCfg = Release|Any CPU
		{54678E64-C59A-4EE2-B1A5-5ABCEC29AE46}.Release|Any CPU.Build.0 = Release|Any CPU
		{ED374B12-6929-4766-BC2D-96CF25479389}.Debug|Any CPU.ActiveCfg = Debug|Any CPU
		{ED374B12-6929-4766-BC2D-96CF25479389}.Debug|Any CPU.Build.0 = Debug|Any CPU
		{ED374B12-6929-4766-BC2D-96CF25479389}.Release|Any CPU.ActiveCfg = Release|Any CPU
		{ED374B12-6929-4766-BC2D-96CF25479389}.Release|Any CPU.Build.0 = Release|Any CPU
		{97966184-EA2C-4548-86A8-B1F161E69C70}.Debug|Any CPU.ActiveCfg = Debug|Any CPU
		{97966184-EA2C-4548-86A8-B1F161E69C70}.Debug|Any CPU.Build.0 = Debug|Any CPU
		{97966184-EA2C-4548-86A8-B1F161E69C70}.Release|Any CPU.ActiveCfg = Release|Any CPU
		{97966184-EA2C-4548-86A8-B1F161E69C70}.Release|Any CPU.Build.0 = Release|Any CPU
		{5401AB01-38C9-4168-8287-E00BB7B3B4FF}.Debug|Any CPU.ActiveCfg = Debug|Any CPU
		{5401AB01-38C9-4168-8287-E00BB7B3B4FF}.Debug|Any CPU.Build.0 = Debug|Any CPU
		{5401AB01-38C9-4168-8287-E00BB7B3B4FF}.Release|Any CPU.ActiveCfg = Release|Any CPU
		{5401AB01-38C9-4168-8287-E00BB7B3B4FF}.Release|Any CPU.Build.0 = Release|Any CPU
		{3C9FDA84-AAAE-4074-B16A-AEB6E1B6E3A0}.Debug|Any CPU.ActiveCfg = Debug|Any CPU
		{3C9FDA84-AAAE-4074-B16A-AEB6E1B6E3A0}.Debug|Any CPU.Build.0 = Debug|Any CPU
		{3C9FDA84-AAAE-4074-B16A-AEB6E1B6E3A0}.Release|Any CPU.ActiveCfg = Release|Any CPU
		{3C9FDA84-AAAE-4074-B16A-AEB6E1B6E3A0}.Release|Any CPU.Build.0 = Release|Any CPU
		{3DE3B192-F395-478B-BBAD-A40E403AD8FF}.Debug|Any CPU.ActiveCfg = Debug|Any CPU
		{3DE3B192-F395-478B-BBAD-A40E403AD8FF}.Debug|Any CPU.Build.0 = Debug|Any CPU
		{3DE3B192-F395-478B-BBAD-A40E403AD8FF}.Release|Any CPU.ActiveCfg = Release|Any CPU
		{3DE3B192-F395-478B-BBAD-A40E403AD8FF}.Release|Any CPU.Build.0 = Release|Any CPU
		{FD107F47-D309-4F0E-BB4E-85BF4E502770}.Debug|Any CPU.ActiveCfg = Debug|Any CPU
		{FD107F47-D309-4F0E-BB4E-85BF4E502770}.Debug|Any CPU.Build.0 = Debug|Any CPU
		{FD107F47-D309-4F0E-BB4E-85BF4E502770}.Release|Any CPU.ActiveCfg = Release|Any CPU
		{FD107F47-D309-4F0E-BB4E-85BF4E502770}.Release|Any CPU.Build.0 = Release|Any CPU
	EndGlobalSection
	GlobalSection(NestedProjects) = preSolution
		{3C9FDA84-AAAE-4074-B16A-AEB6E1B6E3A0} = {64A31597-3172-4B1A-959D-B9636449CB06}
		{97966184-EA2C-4548-86A8-B1F161E69C70} = {F8E4BC70-F6D2-401E-B64D-736BF783A0C1}
		{7FAE2236-6197-4D48-A8AA-2C5305A7644E} = {08876794-1C78-4B09-AACE-770F5A73C67B}
		{5401AB01-38C9-4168-8287-E00BB7B3B4FF} = {08876794-1C78-4B09-AACE-770F5A73C67B}
		{54678E64-C59A-4EE2-B1A5-5ABCEC29AE46} = {08876794-1C78-4B09-AACE-770F5A73C67B}
		{ED374B12-6929-4766-BC2D-96CF25479389} = {08876794-1C78-4B09-AACE-770F5A73C67B}
		{3DE3B192-F395-478B-BBAD-A40E403AD8FF} = {64A31597-3172-4B1A-959D-B9636449CB06}
		{FD107F47-D309-4F0E-BB4E-85BF4E502770} = {08876794-1C78-4B09-AACE-770F5A73C67B}
	EndGlobalSection
EndGlobal
